hash: 1794aec0a7709f2127bc79f2e49080d26a3e51a37e85e382927db68cb0e9fa2d
updated: 2017-02-24T13:26:56.168892005+01:00
imports:
- name: github.com/docopt/docopt.go
  version: 784ddc588536785e7299f7272f39101f7faccc3f
- name: github.com/fatih/color
  version: 7824417a424b65227be8ac9b14d545a7f3e6c3f0
- name: github.com/Masterminds/semver
  version: 59c29afe1a994eacb71c833025ca7acf874bb1da
- name: github.com/mattn/go-colorable
  version: 5411d3eea5978e6cdc258b30de592b60df6aba96
  repo: https://github.com/mattn/go-colorable
- name: github.com/mattn/go-isatty
  version: dda3de49cbfcec471bd7a70e6cc01fcc3ff90109
  repo: https://github.com/mattn/go-isatty
- name: github.com/mh-cbon/verbose
  version: d00b896de162d9c7a40ea07a93903d91a2dbbe1b
  subpackages:
  - color
  - printer
- name: golang.org/x/sys
  version: e24f485414aeafb646f6fca458b0bf869c0880a1
  repo: https://go.googlesource.com/sys
  subpackages:
  - unix
testImports: []
